{
  "version": 4,
  "terraform_version": "1.10.5",
  "serial": 3,
  "lineage": "71a32ba5-ec0c-9626-8f16-b3b7bda3d77b",
  "outputs": {
    "var": {
      "value": "test.txt",
      "type": "string"
    }
  },
  "resources": [
    {
      "mode": "managed",
      "type": "local_file",
      "name": "local",
      "provider": "provider[\"registry.terraform.io/hashicorp/local\"]",
      "instances": [
        {
          "schema_version": 0,
          "attributes": {
            "content": "This is a test document called test.txt",
            "content_base64": null,
            "content_base64sha256": "Z9skslkCXG0nUnksT9SbAb5jlO3L25wQo9Uuor3pu8A=",
            "content_base64sha512": "0eVsD0kuJAcATQj/asKCvqwzDc1THw0pMZRxid8dySng/9NdV9v/MMNX2F00bBVVec4b3mqZgTbDAdsB+jaHpw==",
            "content_md5": "7797cfb44cb142b50e7a4b971d4783b4",
            "content_sha1": "11f4281548e7de98adf114253de572d831ca923d",
            "content_sha256": "67db24b259025c6d2752792c4fd49b01be6394edcbdb9c10a3d52ea2bde9bbc0",
            "content_sha512": "d1e56c0f492e2407004d08ff6ac282beac330dcd531f0d2931947189df1dc929e0ffd35d57dbff30c357d85d346c155579ce1bde6a998136c301db01fa3687a7",
            "directory_permission": "0777",
            "file_permission": "644",
            "filename": "/Users/eghosa/Documents/test.txt",
            "id": "11f4281548e7de98adf114253de572d831ca923d",
            "sensitive_content": null,
            "source": null
          },
          "sensitive_attributes": [
            [
              {
                "type": "get_attr",
                "value": "sensitive_content"
              }
            ]
          ]
        }
      ]
    }
  ],
  "check_results": null
}
